{
  "name": "firstmatterjs",
  "version": "1.0.0",
  "lockfileVersion": 1,
  "requires": true,
  "dependencies": {
    "dat.gui": {
      "version": "0.6.1",
      "resolved": "https://registry.npmjs.org/dat.gui/-/dat.gui-0.6.1.tgz",
      "integrity": "sha1-fD0KKsLFcNr7YbkSA/1/4xcdasc="
    },
    "jquery": {
      "version": "3.2.1",
      "resolved": "https://registry.npmjs.org/jquery/-/jquery-3.2.1.tgz",
      "integrity": "sha1-XE2d5lKvbNCncBVKYxu6ErAVx4c="
    },
    "jstree": {
      "version": "3.3.4",
      "resolved": "https://registry.npmjs.org/jstree/-/jstree-3.3.4.tgz",
      "integrity": "sha1-PQibuWI71vPyX2TE5M5UezDUAmQ=",
      "requires": {
        "jquery": "3.2.1"
      }
    },
    "keymaster": {
      "version": "1.6.2",
      "resolved": "https://registry.npmjs.org/keymaster/-/keymaster-1.6.2.tgz",
      "integrity": "sha1-4a5U0OqUiPn2C2a2aPAumhlGxus="
    },
    "matter-js": {
      "version": "0.14.0",
      "resolved": "https://registry.npmjs.org/matter-js/-/matter-js-0.14.0.tgz",
      "integrity": "sha512-4+dvRSZXcn39iJJDhUvumQ2K18lGVYEL/8zXNbox1tQv1LlVOXDL6e9XrdNEnzgG9vLGLE15Hy1pGX1s5upCfg=="
    },
    "matter-tools": {
      "version": "0.11.1",
      "resolved": "https://registry.npmjs.org/matter-tools/-/matter-tools-0.11.1.tgz",
      "integrity": "sha512-21ejLi6EECCACkNONlNuaP+Al7RtLYa4YVobKFHS2Nts8yNHLHgN/C0klXtWmdH8JLyiPWVz7k9j21YZUa1NTQ==",
      "requires": {
        "dat.gui": "0.6.1",
        "jquery": "3.2.1",
        "jstree": "3.3.4",
        "keymaster": "1.6.2",
        "matter-js": "0.12.0"
      },
      "dependencies": {
        "matter-js": {
          "version": "0.12.0",
          "resolved": "https://registry.npmjs.org/matter-js/-/matter-js-0.12.0.tgz",
          "integrity": "sha1-3LAtBDJsR3RsY6N3LRR1dT1y/h4="
        }
      }
    }
  }
}
